{
  "name": "codemaster-backend",
  "lockfileVersion": 3,
  "requires": true,
  "packages": {
    "": {
      "name": "codemaster-backend",
      "dependencies": {
        "@anthropic-ai/bedrock-sdk": "^0.12.0",
        "@opentelemetry/api": "^1.9.0",
        "@opentelemetry/sdk-node": "^0.54.0",
        "@temporalio/activity": "^1.11.0",
        "@temporalio/client": "^1.11.0",
        "@temporalio/worker": "^1.11.0",
        "@temporalio/workflow": "^1.11.0",
        "fastify": "^5.0.0",
        "js-yaml": "^4.1.0",
        "kysely": "^0.27.0",
        "magika": "^1.0.0",
        "node-pg-migrate": "^7.7.0",
        "pg": "^8.13.0",
        "pgvector": "^0.2.0",
        "zod": "^3.23.0"
      },
      "devDependencies": {
        "@eslint/js": "^10.0.1",
        "@types/js-yaml": "^4.0.0",
        "@types/node": "^22.0.0",
        "@types/pg": "^8.11.0",
        "eslint": "^10.4.1",
        "eslint-plugin-security": "^4.0.0",
        "eslint-plugin-unicorn": "^64.0.0",
        "ts-morph": "^24.0.0",
        "tsx": "^4.19.0",
        "typescript": "^5.6.0",
        "typescript-eslint": "^8.60.1",
        "vitest": "^2.1.0"
      },
      "engines": {
        "node": ">=22"
      }
    },
    "node_modules/@anthropic-ai/bedrock-sdk": {
      "version": "0.12.6",
      "resolved": "https://registry.npmjs.org/@anthropic-ai/bedrock-sdk/-/bedrock-sdk-0.12.6.tgz",
      "integrity": "sha512-g9tmm6zXf3+2P5Se+c2zi7jmZ6+t+qtfu8NhoNYxetPxn6ez1aeNQ+YfqzSMm/ZWye8hy3hcDhbRhWaHC2Wbwg==",
      "license": "MIT",
      "dependencies": {
        "@anthropic-ai/sdk": ">=0.36 <1",
        "@aws-crypto/sha256-js": "^4.0.0",
        "@aws-sdk/client-bedrock-runtime": "^3.797.0",
        "@aws-sdk/credential-providers": "^3.796.0",
        "@smithy/eventstream-serde-node": "^2.0.10",
        "@smithy/fetch-http-handler": "^2.2.1",
        "@smithy/protocol-http": "^3.0.6",
        "@smithy/signature-v4": "^3.1.1",
        "@smithy/smithy-client": "^2.1.9",
        "@smithy/types": "^2.3.4",
        "@smithy/util-base64": "^2.0.0"
      }
    },
    "node_modules/@anthropic-ai/sdk": {
      "version": "0.100.1",
      "resolved": "https://registry.npmjs.org/@anthropic-ai/sdk/-/sdk-0.100.1.tgz",
      "integrity": "sha512-RANcEe7LpiLczkKGOwoXOTuFdPhuubS0i4xaAKOMpcqc55YO0mukgxppV7eygx3DXNjxWT6RYOLPyOy0aIAmwg==",
      "license": "MIT",
      "dependencies": {
        "json-schema-to-ts": "^3.1.1",
        "standardwebhooks": "^1.0.0"
      },
      "bin": {
        "anthropic-ai-sdk": "bin/cli"
      },
      "peerDependencies": {
        "zod": "^3.25.0 || ^4.0.0"
      },
      "peerDependenciesMeta": {
        "zod": {
          "optional": true
        }
      }
    },
    "node_modules/@aws-crypto/crc32": {
      "version": "5.2.0",
      "resolved": "https://registry.npmjs.org/@aws-crypto/crc32/-/crc32-5.2.0.tgz",
      "integrity": "sha512-nLbCWqQNgUiwwtFsen1AdzAtvuLRsQS8rYgMuxCrdKf9kOssamGLuPwyTY9wyYblNr9+1XM8v6zoDTPPSIeANg==",
      "license": "Apache-2.0",
      "dependencies": {
        "@aws-crypto/util": "^5.2.0",
        "@aws-sdk/types": "^3.222.0",
        "tslib": "^2.6.2"
      },
      "engines": {
        "node": ">=16.0.0"
      }
    },
    "node_modules/@aws-crypto/crc32/node_modules/@aws-crypto/util": {
      "version": "5.2.0",
      "resolved": "https://registry.npmjs.org/@aws-crypto/util/-/util-5.2.0.tgz",
      "integrity": "sha512-4RkU9EsI6ZpBve5fseQlGNUWKMa1RLPQ1dnjnQoe07ldfIzcsGb5hC5W0Dm7u423KWzawlrpbjXBrXCEv9zazQ==",
      "license": "Apache-2.0",
      "dependencies": {
        "@aws-sdk/types": "^3.222.0",
        "@smithy/util-utf8": "^2.0.0",
        "tslib": "^2.6.2"
      }
    },
    "node_modules/@aws-crypto/crc32/node_modules/tslib": {
      "version": "2.8.1",
      "resolved": "https://registry.npmjs.org/tslib/-/tslib-2.8.1.tgz",
      "integrity": "sha512-oJFu94HQb+KVduSUQL7wnpmqnfmLsOA/nAh6b6EH0wCEoK0/mPeXU6c3wKDV83MkOuHPRHtSXKKU99IBazS/2w==",
      "license": "0BSD"
    },
    "node_modules/@aws-crypto/sha256-browser": {
      "version": "5.2.0",
      "resolved": "https://registry.npmjs.org/@aws-crypto/sha256-browser/-/sha256-browser-5.2.0.tgz",
      "integrity": "sha512-AXfN/lGotSQwu6HNcEsIASo7kWXZ5HYWvfOmSNKDsEqC4OashTp8alTmaz+F7TC2L083SFv5RdB+qU3Vs1kZqw==",
      "license": "Apache-2.0",
      "dependencies": {
        "@aws-crypto/sha256-js": "^5.2.0",
        "@aws-crypto/supports-web-crypto": "^5.2.0",
        "@aws-crypto/util": "^5.2.0",
        "@aws-sdk/types": "^3.222.0",
        "@aws-sdk/util-locate-window": "^3.0.0",
        "@smithy/util-utf8": "^2.0.0",
        "tslib": "^2.6.2"
      }
    },
    "node_modules/@aws-crypto/sha256-browser/node_modules/@aws-crypto/sha256-js": {
      "version": "5.2.0",
      "resolved": "https://registry.npmjs.org/@aws-crypto/sha256-js/-/sha256-js-5.2.0.tgz",
      "integrity": "sha512-FFQQyu7edu4ufvIZ+OadFpHHOt+eSTBaYaki44c+akjg7qZg9oOQeLlk77F6tSYqjDAFClrHJk9tMf0HdVyOvA==",
      "license": "Apache-2.0",
      "dependencies": {
        "@aws-crypto/util": "^5.2.0",
        "@aws-sdk/types": "^3.222.0",
        "tslib": "^2.6.2"
      },
      "engines": {
        "node": ">=16.0.0"
      }
    },
    "node_modules/@aws-crypto/sha256-browser/node_modules/@aws-crypto/util": {
      "version": "5.2.0",
      "resolved": "https://registry.npmjs.org/@aws-crypto/util/-/util-5.2.0.tgz",
      "integrity": "sha512-4RkU9EsI6ZpBve5fseQlGNUWKMa1RLPQ1dnjnQoe07ldfIzcsGb5hC5W0Dm7u423KWzawlrpbjXBrXCEv9zazQ==",
      "license": "Apache-2.0",
      "dependencies": {
        "@aws-sdk/types": "^3.222.0",
        "@smithy/util-utf8": "^2.0.0",
        "tslib": "^2.6.2"
      }
    },
    "node_modules/@aws-crypto/sha256-browser/node_modules/tslib": {
      "version": "2.8.1",
      "resolved": "https://registry.npmjs.org/tslib/-/tslib-2.8.1.tgz",
      "integrity": "sha512-oJFu94HQb+KVduSUQL7wnpmqnfmLsOA/nAh6b6EH0wCEoK0/mPeXU6c3wKDV83MkOuHPRHtSXKKU99IBazS/2w==",
      "license": "0BSD"
    },
    "node_modules/@aws-crypto/sha256-js": {
      "version": "4.0.0",
      "resolved": "https://registry.npmjs.org/@aws-crypto/sha256-js/-/sha256-js-4.0.0.tgz",
      "integrity": "sha512-MHGJyjE7TX9aaqXj7zk2ppnFUOhaDs5sP+HtNS0evOxn72c+5njUmyJmpGd7TfyoDznZlHMmdo/xGUdu2NIjNQ==",
      "license": "Apache-2.0",
      "dependencies": {
        "@aws-crypto/util": "^4.0.0",
        "@aws-sdk/types": "^3.222.0",
        "tslib": "^1.11.1"
      }
    },
    "node_modules/@aws-crypto/supports-web-crypto": {
      "version": "5.2.0",
      "resolved": "https://registry.npmjs.org/@aws-crypto/supports-web-crypto/-/supports-web-crypto-5.2.0.tgz",
      "integrity": "sha512-iAvUotm021kM33eCdNfwIN//F77/IADDSs58i+MDaOqFrVjZo9bAal0NK7HurRuWLLpF1iLX7gbWrjHjeo+YFg==",
      "license": "Apache-2.0",
      "dependencies": {
        "tslib": "^2.6.2"
      }
    },
    "node_modules/@aws-crypto/supports-web-crypto/node_modules/tslib": {
      "version": "2.8.1",
      "resolved": "https://registry.npmjs.org/tslib/-/tslib-2.8.1.tgz",
      "integrity": "sha512-oJFu94HQb+KVduSUQL7wnpmqnfmLsOA/nAh6b6EH0wCEoK0/mPeXU6c3wKDV83MkOuHPRHtSXKKU99IBazS/2w==",
      "license": "0BSD"
    },
    "node_modules/@aws-crypto/util": {
      "version": "4.0.0",
      "resolved": "https://registry.npmjs.org/@aws-crypto/util/-/util-4.0.0.tgz",
      "integrity": "sha512-2EnmPy2gsFZ6m8bwUQN4jq+IyXV3quHAcwPOS6ZA3k+geujiqI8aRokO2kFJe+idJ/P3v4qWI186rVMo0+zLDQ==",
      "license": "Apache-2.0",
      "dependencies": {
        "@aws-sdk/types": "^3.222.0",
        "@aws-sdk/util-utf8-browser": "^3.0.0",
        "tslib": "^1.11.1"
      }
    },
    "node_modules/@aws-sdk/client-bedrock-runtime": {
      "version": "3.1060.0",
      "resolved": "https://registry.npmjs.org/@aws-sdk/client-bedrock-runtime/-/client-bedrock-runtime-3.1060.0.tgz",
      "integrity": "sha512-xP5mmoMCAasTh5hAh+Ncz+OVTnQ6lsY87GM5qNbcb5qwSbszpVp4NGsErAiVw7l/vtxeLaVDnn/R1Tt5TdUtRg==",
      "license": "Apache-2.0",
      "dependencies": {
        "@aws-crypto/sha256-browser": "5.2.0",
        "@aws-crypto/sha256-js": "5.2.0",
        "@aws-sdk/core": "^3.974.17",
        "@aws-sdk/credential-provider-node": "^3.972.50",
        "@aws-sdk/eventstream-handler-node": "^3.972.19",
        "@aws-sdk/middleware-eventstream": "^3.972.15",
        "@aws-sdk/middleware-websocket": "^3.972.25",
        "@aws-sdk/token-providers": "3.1060.0",
        "@aws-sdk/types": "^3.973.10",
        "@smithy/core": "^3.24.6",
        "@smithy/fetch-http-handler": "^5.4.6",
        "@smithy/node-http-handler": "^4.7.6",
        "@smithy/types": "^4.14.3",
        "tslib": "^2.6.2"
      },
      "engines": {
        "node": ">=20.0.0"
      }
    },
    "node_modules/@aws-sdk/client-bedrock-runtime/node_modules/@aws-crypto/sha256-js": {
      "version": "5.2.0",
      "resolved": "https://registry.npmjs.org/@aws-crypto/sha256-js/-/sha256-js-5.2.0.tgz",
      "integrity": "sha512-FFQQyu7edu4ufvIZ+OadFpHHOt+eSTBaYaki44c+akjg7qZg9oOQeLlk77F6tSYqjDAFClrHJk9tMf0HdVyOvA==",
      "license": "Apache-2.0",
      "dependencies": {
        "@aws-crypto/util": "^5.2.0",
        "@aws-sdk/types": "^3.222.0",
        "tslib": "^2.6.2"
      },
      "engines": {
        "node": ">=16.0.0"
      }
    },
    "node_modules/@aws-sdk/client-bedrock-runtime/node_modules/@aws-crypto/util": {
      "version": "5.2.0",
      "resolved": "https://registry.npmjs.org/@aws-crypto/util/-/util-5.2.0.tgz",
      "integrity": "sha512-4RkU9EsI6ZpBve5fseQlGNUWKMa1RLPQ1dnjnQoe07ldfIzcsGb5hC5W0Dm7u423KWzawlrpbjXBrXCEv9zazQ==",
      "license": "Apache-2.0",
      "dependencies": {
        "@aws-sdk/types": "^3.222.0",
        "@smithy/util-utf8": "^2.0.0",
        "tslib": "^2.6.2"
      }
    },
    "node_modules/@aws-sdk/client-bedrock-runtime/node_modules/@smithy/fetch-http-handler": {
      "version": "5.4.6",
      "resolved": "https://registry.npmjs.org/@smithy/fetch-http-handler/-/fetch-http-handler-5.4.6.tgz",
      "integrity": "sha512-FEwEYJ1jlBKdhe9TPzfghEi1bP55ZeEImlDkEa62bBBYzUcnB6RUCyuiS2mqKt6ZVjUbBgcNhzfIctH+Hevx9g==",
      "license": "Apache-2.0",
      "dependencies": {
        "@smithy/core": "^3.24.6",
        "@smithy/types": "^4.14.3",
        "tslib": "^2.6.2"
      },
      "engines": {
        "node": ">=18.0.0"
      }
    },
    "node_modules/@aws-sdk/client-bedrock-runtime/node_modules/@smithy/types": {
      "version": "4.14.3",
      "resolved": "https://registry.npmjs.org/@smithy/types/-/types-4.14.3.tgz",
      "integrity": "sha512-YupL0ZWmFtJexUN2cHzkvvF/b9pKrtAIfT1o7/oY/Ppu8IYeZ+lDPM5vZdQJaSeA132dJCqojjGC9NhXeF71VQ==",
      "license": "Apache-2.0",
      "dependencies": {
        "tslib": "^2.6.2"
      },
      "engines": {
        "node": ">=18.0.0"
      }
    },
    "node_modules/@aws-sdk/client-bedrock-runtime/node_modules/tslib": {
      "version": "2.8.1",
      "resolved": "https://registry.npmjs.org/tslib/-/tslib-2.8.1.tgz",
      "integrity": "sha512-oJFu94HQb+KVduSUQL7wnpmqnfmLsOA/nAh6b6EH0wCEoK0/mPeXU6c3wKDV83MkOuHPRHtSXKKU99IBazS/2w==",
      "license": "0BSD"
    },
    "node_modules/@aws-sdk/client-cognito-identity": {
      "version": "3.1060.0",
      "resolved": "https://registry.npmjs.org/@aws-sdk/client-cognito-identity/-/client-cognito-identity-3.1060.0.tgz",
      "integrity": "sha512-JS3YVzOnwLYD+OzAYVXVrP/IzaQrW8c9c/pI2eehsltvqSrl9pyNu5RzcgAxy79zHwv5f21j6FBWcgQ7Bj9eHA==",
      "license": "Apache-2.0",
      "dependencies": {
        "@aws-crypto/sha256-browser": "5.2.0",
        "@aws-crypto/sha256-js": "5.2.0",
        "@aws-sdk/core": "^3.974.17",
        "@aws-sdk/credential-provider-node": "^3.972.50",
        "@aws-sdk/types": "^3.973.10",
        "@smithy/core": "^3.24.6",
        "@smithy/fetch-http-handler": "^5.4.6",
        "@smithy/node-http-handler": "^4.7.6",
        "@smithy/types": "^4.14.3",
        "tslib": "^2.6.2"
      },
      "engines": {
        "node": ">=20.0.0"
      }
    },
    "node_modules/@aws-sdk/client-cognito-identity/node_modules/@aws-crypto/sha256-js": {
      "version": "5.2.0",
      "resolved": "https://registry.npmjs.org/@aws-crypto/sha256-js/-/sha256-js-5.2.0.tgz",
      "integrity": "sha512-FFQQyu7edu4ufvIZ+OadFpHHOt+eSTBaYaki44c+akjg7qZg9oOQeLlk77F6tSYqjDAFClrHJk9tMf0HdVyOvA==",
      "license": "Apache-2.0",
      "dependencies": {
        "@aws-crypto/util": "^5.2.0",
        "@aws-sdk/types": "^3.222.0",
        "tslib": "^2.6.2"
      },
      "engines": {
        "node": ">=16.0.0"
      }
    },
    "node_modules/@aws-sdk/client-cognito-identity/node_modules/@aws-crypto/util": {
      "version": "5.2.0",
      "resolved": "https://registry.npmjs.org/@aws-crypto/util/-/util-5.2.0.tgz",
      "integrity": "sha512-4RkU9EsI6ZpBve5fseQlGNUWKMa1RLPQ1dnjnQoe07ldfIzcsGb5hC5W0Dm7u423KWzawlrpbjXBrXCEv9zazQ==",
      "license": "Apache-2.0",
      "dependencies": {
        "@aws-sdk/types": "^3.222.0",
        "@smithy/util-utf8": "^2.0.0",
        "tslib": "^2.6.2"
      }
    },
    "node_modules/@aws-sdk/client-cognito-identity/node_modules/@smithy/fetch-http-handler": {
      "version": "5.4.6",
      "resolved": "https://registry.npmjs.org/@smithy/fetch-http-handler/-/fetch-http-handler-5.4.6.tgz",
      "integrity": "sha512-FEwEYJ1jlBKdhe9TPzfghEi1bP55ZeEImlDkEa62bBBYzUcnB6RUCyuiS2mqKt6ZVjUbBgcNhzfIctH+Hevx9g==",
      "license": "Apache-2.0",
      "dependencies": {
        "@smithy/core": "^3.24.6",
        "@smithy/types": "^4.14.3",
        "tslib": "^2.6.2"
      },
      "engines": {
        "node": ">=18.0.0"
      }
    },
    "node_modules/@aws-sdk/client-cognito-identity/node_modules/@smithy/types": {
      "version": "4.14.3",
      "resolved": "https://registry.npmjs.org/@smithy/types/-/types-4.14.3.tgz",
      "integrity": "sha512-YupL0ZWmFtJexUN2cHzkvvF/b9pKrtAIfT1o7/oY/Ppu8IYeZ+lDPM5vZdQJaSeA132dJCqojjGC9NhXeF71VQ==",
      "license": "Apache-2.0",
      "dependencies": {
        "tslib": "^2.6.2"
      },
      "engines": {
        "node": ">=18.0.0"
      }
    },
    "node_modules/@aws-sdk/client-cognito-identity/node_modules/tslib": {
      "version": "2.8.1",
      "resolved": "https://registry.npmjs.org/tslib/-/tslib-2.8.1.tgz",
      "integrity": "sha512-oJFu94HQb+KVduSUQL7wnpmqnfmLsOA/nAh6b6EH0wCEoK0/mPeXU6c3wKDV83MkOuHPRHtSXKKU99IBazS/2w==",
      "license": "0BSD"
    },
    "node_modules/@aws-sdk/core": {
      "version": "3.974.17",
      "resolved": "https://registry.npmjs.org/@aws-sdk/core/-/core-3.974.17.tgz",
      "integrity": "sha512-r8o4h2K7j6P9ngno+8ei0aK0U/4JwDb7A2fMMxGVoSqDN8AFlIzSDeZHME9LcVLR2codyhtr1WAAg+/nmkeeMA==",
      "license": "Apache-2.0",
      "dependencies": {
        "@aws-sdk/types": "^3.973.10",
        "@aws-sdk/xml-builder": "^3.972.27",
        "@aws/lambda-invoke-store": "^0.2.2",
        "@smithy/core": "^3.24.6",
        "@smithy/signature-v4": "^5.4.6",
        "@smithy/types": "^4.14.3",
        "bowser": "^2.11.0",
        "tslib": "^2.6.2"
      },
      "engines": {
        "node": ">=20.0.0"
      }
    },
    "node_modules/@aws-sdk/core/node_modules/@smithy/signature-v4": {
      "version": "5.4.6",
      "resolved": "https://registry.npmjs.org/@smithy/signature-v4/-/signature-v4-5.4.6.tgz",
      "integrity": "sha512-Ojg4B6oIDlIr1R86xCDJt1zJWnYa0VINmqdjfe9qxWjdRivHalZ3iSlQgVqYbW0MdpFOC5XfHEWsnbmdnpIILQ==",
      "license": "Apache-2.0",
      "dependencies": {
        "@smithy/core": "^3.24.6",
        "@smithy/types": "^4.14.3",
        "tslib": "^2.6.2"
      },
      "engines": {
        "node": ">=18.0.0"
      }
    },
    "node_modules/@aws-sdk/core/node_modules/@smithy/types": {
      "version": "4.14.3",
      "resolved": "https://registry.npmjs.org/@smithy/types/-/types-4.14.3.tgz",
      "integrity": "sha512-YupL0ZWmFtJexUN2cHzkvvF/b9pKrtAIfT1o7/oY/Ppu8IYeZ+lDPM5vZdQJaSeA132dJCqojjGC9NhXeF71VQ==",
      "license": "Apache-2.0",
      "dependencies": {
        "tslib": "^2.6.2"
      },
      "engines": {
        "node": ">=18.0.0"
      }
    },
    "node_modules/@aws-sdk/core/node_modules/tslib": {
      "version": "2.8.1",
      "resolved": "https://registry.npmjs.org/tslib/-/tslib-2.8.1.tgz",
      "integrity": "sha512-oJFu94HQb+KVduSUQL7wnpmqnfmLsOA/nAh6b6EH0wCEoK0/mPeXU6c3wKDV83MkOuHPRHtSXKKU99IBazS/2w==",
      "license": "0BSD"
    },
    "node_modules/@aws-sdk/credential-provider-cognito-identity": {
      "version": "3.972.40",
      "resolved": "https://registry.npm